{
    "_meta": {
        "hash": {
            "sha256": "171bab231283e405a7bf2040d9b349560ea14004fc8b516742cab46d2bc50220"
        },
        "pipfile-spec": 6,
        "requires": {
            "python_version": "3.7"
        },
        "sources": [
            {
                "name": "pypi",
                "url": "https://pypi.org/simple",
                "verify_ssl": true
            }
        ]
    },
    "default": {
        "amqp": {
            "hashes": [
                "sha256:70cdb10628468ff14e57ec2f751c7aa9e48e7e3651cfd62d431213c0c4e58f21",
                "sha256:aa7f313fb887c91f15474c1229907a04dac0b8135822d6603437803424c0aa59"
            ],
            "version": "==2.6.1"
        },
        "bcrypt": {
            "hashes": [
                "sha256:5b93c1726e50a93a033c36e5ca7fdcd29a5c7395af50a6892f5d9e7c6cfbfb29",
                "sha256:63d4e3ff96188e5898779b6057878fecf3f11cfe6ec3b313ea09955d587ec7a7",
                "sha256:81fec756feff5b6818ea7ab031205e1d323d8943d237303baca2c5f9c7846f34",
                "sha256:a67fb841b35c28a59cebed05fbd3e80eea26e6d75851f0574a9273c80f3e9b55",
                "sha256:c95d4cbebffafcdd28bd28bb4e25b31c50f6da605c81ffd9ad8a3d1b2ab7b1b6",
                "sha256:cd1ea2ff3038509ea95f687256c46b79f5fc382ad0aa3664d200047546d511d1",
                "sha256:cdcdcb3972027f83fe24a48b1e90ea4b584d35f1cc279d76de6fc4b13376239d"
            ],
            "version": "==3.2.0"
        },
        "billiard": {
            "hashes": [
                "sha256:bff575450859a6e0fbc2f9877d9b715b0bbc07c3565bb7ed2280526a0cdf5ede",
                "sha256:d91725ce6425f33a97dfa72fb6bfef0e47d4652acd98a032bd1a7fbf06d5fa6a"
            ],
            "version": "==3.6.3.0"
        },
        "bleach": {
            "hashes": [
                "sha256:2bce3d8fab545a6528c8fa5d9f9ae8ebc85a56da365c7f85180bfe96a35ef22f",
                "sha256:3c4c520fdb9db59ef139915a5db79f8b51bc2a7257ea0389f30c846883430a4b"
            ],
            "version": "==3.1.5"
        },
        "boto3": {
            "hashes": [
                "sha256:44073b1b1823ffc9edcf9027afbca908dad6bd5000f512ca73f929f6a604ae24",
                "sha256:888be45e289ba56c4e47cfae5d6b08f097bc981d077fbe6521a6d3dc7a4d757e"
            ],
            "index": "pypi",
            "version": "==1.15.1"
        },
        "botocore": {
            "hashes": [
                "sha256:de5f9fc0c7e88ee7ba831fa27475be258ae09ece99143ed623d3618a3c84ee2c",
                "sha256:e224754230e7e015836ba20037cac6321e8e2ce9b8627c14d579fcb37249decd"
            ],
            "version": "==1.18.18"
        },
        "celery": {
            "extras": [
                "redis"
            ],
            "hashes": [
                "sha256:a92e1d56e650781fb747032a3997d16236d037c8199eacd5217d1a72893bca45",
                "sha256:d220b13a8ed57c78149acf82c006785356071844afe0b27012a4991d44026f9f"
            ],
            "index": "pypi",
            "markers": null,
            "version": "==4.4.7"
        },
        "certifi": {
            "hashes": [
                "sha256:5930595817496dd21bb8dc35dad090f1c2cd0adfaf21204bf6732ca5d8ee34d3",
                "sha256:8fc0819f1f30ba15bdb34cceffb9ef04d99f420f68eb75d901e9560b8749fc41"
            ],
            "version": "==2020.6.20"
        },
        "cffi": {
            "hashes": [
                "sha256:005f2bfe11b6745d726dbb07ace4d53f057de66e336ff92d61b8c7e9c8f4777d",
                "sha256:09e96138280241bd355cd585148dec04dbbedb4f46128f340d696eaafc82dd7b",
                "sha256:0b1ad452cc824665ddc682400b62c9e4f5b64736a2ba99110712fdee5f2505c4",
                "sha256:0ef488305fdce2580c8b2708f22d7785ae222d9825d3094ab073e22e93dfe51f",
                "sha256:15f351bed09897fbda218e4db5a3d5c06328862f6198d4fb385f3e14e19decb3",
                "sha256:22399ff4870fb4c7ef19fff6eeb20a8bbf15571913c181c78cb361024d574579",
                "sha256:23e5d2040367322824605bc29ae8ee9175200b92cb5483ac7d466927a9b3d537",
                "sha256:2791f68edc5749024b4722500e86303a10d342527e1e3bcac47f35fbd25b764e",
                "sha256:2f9674623ca39c9ebe38afa3da402e9326c245f0f5ceff0623dccdac15023e05",
                "sha256:3363e77a6176afb8823b6e06db78c46dbc4c7813b00a41300a4873b6ba63b171",
                "sha256:33c6cdc071ba5cd6d96769c8969a0531be2d08c2628a0143a10a7dcffa9719ca",
                "sha256:3b8eaf915ddc0709779889c472e553f0d3e8b7bdf62dab764c8921b09bf94522",
                "sha256:3cb3e1b9ec43256c4e0f8d2837267a70b0e1ca8c4f456685508ae6106b1f504c",
                "sha256:3eeeb0405fd145e714f7633a5173318bd88d8bbfc3dd0a5751f8c4f70ae629bc",
                "sha256:44f60519595eaca110f248e5017363d751b12782a6f2bd6a7041cba275215f5d",
                "sha256:4d7c26bfc1ea9f92084a1d75e11999e97b62d63128bcc90c3624d07813c52808",
                "sha256:529c4ed2e10437c205f38f3691a68be66c39197d01062618c55f74294a4a4828",
                "sha256:6642f15ad963b5092d65aed022d033c77763515fdc07095208f15d3563003869",
                "sha256:85ba797e1de5b48aa5a8427b6ba62cf69607c18c5d4eb747604b7302f1ec382d",
                "sha256:8f0f1e499e4000c4c347a124fa6a27d37608ced4fe9f7d45070563b7c4c370c9",
                "sha256:a624fae282e81ad2e4871bdb767e2c914d0539708c0f078b5b355258293c98b0",
                "sha256:b0358e6fefc74a16f745afa366acc89f979040e0cbc4eec55ab26ad1f6a9bfbc",
                "sha256:bbd2f4dfee1079f76943767fce837ade3087b578aeb9f69aec7857d5bf25db15",
                "sha256:bf39a9e19ce7298f1bd6a9758fa99707e9e5b1ebe5e90f2c3913a47bc548747c",
                "sha256:c11579638288e53fc94ad60022ff1b67865363e730ee41ad5e6f0a17188b327a",
                "sha256:c150eaa3dadbb2b5339675b88d4573c1be3cb6f2c33a6c83387e10cc0bf05bd3",
                "sha256:c53af463f4a40de78c58b8b2710ade243c81cbca641e34debf3396a9640d6ec1",
                "sha256:cb763ceceae04803adcc4e2d80d611ef201c73da32d8f2722e9d0ab0c7f10768",
                "sha256:cc75f58cdaf043fe6a7a6c04b3b5a0e694c6a9e24050967747251fb80d7bce0d",
                "sha256:d80998ed59176e8cba74028762fbd9b9153b9afc71ea118e63bbf5d4d0f9552b",
                "sha256:de31b5164d44ef4943db155b3e8e17929707cac1e5bd2f363e67a56e3af4af6e",
                "sha256:e66399cf0fc07de4dce4f588fc25bfe84a6d1285cc544e67987d22663393926d",
                "sha256:f0620511387790860b249b9241c2f13c3a80e21a73e0b861a2df24e9d6f56730",
                "sha256:f4eae045e6ab2bb54ca279733fe4eb85f1effda392666308250714e01907f394",
                "sha256:f92cdecb618e5fa4658aeb97d5eb3d2f47aa94ac6477c6daf0f306c5a3b9e6b1",
                "sha256:f92f789e4f9241cd262ad7a555ca2c648a98178a953af117ef7fad46aa1d5591"
            ],
            "version": "==1.14.3"
        },
        "chardet": {
            "hashes": [
                "sha256:84ab92ed1c4d4f16916e05906b6b75a6c0fb5db821cc65e70cbd64a3e2a5eaae",
                "sha256:fc323ffcaeaed0e0a02bf4d117757b98aed530d9ed4531e3e15460124c106691"
            ],
            "version": "==3.0.4"
        },
        "cryptography": {
            "hashes": [
                "sha256:22f8251f68953553af4f9c11ec5f191198bc96cff9f0ac5dd5ff94daede0ee6d",
                "sha256:284e275e3c099a80831f9898fb5c9559120d27675c3521278faba54e584a7832",
                "sha256:3e17d02941c0f169c5b877597ca8be895fca0e5e3eb882526a74aa4804380a98",
                "sha256:52a47e60953679eea0b4d490ca3c241fb1b166a7b161847ef4667dfd49e7699d",
                "sha256:57b8c1ed13b8aa386cabbfde3be175d7b155682470b0e259fecfe53850967f8a",
                "sha256:6a8f64ed096d13f92d1f601a92d9fd1f1025dc73a2ca1ced46dcf5e0d4930943",
                "sha256:6e8a3c7c45101a7eeee93102500e1b08f2307c717ff553fcb3c1127efc9b6917",
                "sha256:7ef41304bf978f33cfb6f43ca13bb0faac0c99cda33693aa20ad4f5e34e8cb8f",
                "sha256:87c2fffd61e934bc0e2c927c3764c20b22d7f5f7f812ee1a477de4c89b044ca6",
                "sha256:88069392cd9a1e68d2cfd5c3a2b0d72a44ef3b24b8977a4f7956e9e3c4c9477a",
                "sha256:8a0866891326d3badb17c5fd3e02c926b635e8923fa271b4813cd4d972a57ff3",
                "sha256:8f0fd8b0751d75c4483c534b209e39e918f0d14232c0d8a2a76e687f64ced831",
                "sha256:9a07e6d255053674506091d63ab4270a119e9fc83462c7ab1dbcb495b76307af",
                "sha256:9a8580c9afcdcddabbd064c0a74f337af74ff4529cdf3a12fa2e9782d677a2e5",
                "sha256:bd80bc156d3729b38cb227a5a76532aef693b7ac9e395eea8063ee50ceed46a5",
                "sha256:d1cbc3426e6150583b22b517ef3720036d7e3152d428c864ff0f3fcad2b97591",
                "sha256:e15ac84dcdb89f92424cbaca4b0b34e211e7ce3ee7b0ec0e4f3c55cee65fae5a",
                "sha256:e4789b84f8dedf190148441f7c5bfe7244782d9cbb194a36e17b91e7d3e1cca9",
                "sha256:f01c9116bfb3ad2831e125a73dcd957d173d6ddca7701528eff1e7d97972872c",
                "sha256:f0e3986f6cce007216b23c490f093f35ce2068f3c244051e559f647f6731b7ae",
                "sha256:f2aa3f8ba9e2e3fd49bd3de743b976ab192fbf0eb0348cebde5d2a9de0090a9f",
                "sha256:fb70a4cedd69dc52396ee114416a3656e011fb0311fca55eb55c7be6ed9c8aef"
            ],
            "index": "pypi",
            "version": "==3.2"
        },
        "django": {
            "hashes": [
                "sha256:7c3543e4fb070d14e10926189a7fcf42ba919263b7473dceaefce34d54e8a119",
                "sha256:a2814bffd1f007805b19194eb0b9a331933b82bd5da1c3ba3d7b7ba16e06dc4b"
            ],
            "index": "pypi",
            "version": "==2.2"
        },
        "django-ace": {
            "hashes": [
                "sha256:5e2e9939a1ea9116d7cebe1c58b6358726b9495e54a9c6d1f10b12595a660254",
                "sha256:c0780d2b2ff3cc6139527e005dee7eca59c7e53fe5ea3fa141b893ab603b3b7a"
            ],
            "index": "pypi",
            "version": "==1.0.7"
        },
        "django-admin-list-filter-dropdown": {
            "hashes": [
                "sha256:07cd37b6a9be1b08f11d4a92957c69b67bc70b1f87a2a7d4ae886c93ea51eb53",
                "sha256:bf1b48bab9772dad79db71efef17e78782d4f2421444d5e49bb10e0da71cd6bb"
            ],
            "index": "pypi",
            "version": "==1.0.3"
        },
        "django-authtools": {
            "hashes": [
                "sha256:55180b23d7f7c40776a06f0ca8d612dd568d608ef0af256b0c5818eda1b5a261"
            ],
            "index": "pypi",
            "version": "==1.7.0"
        },
        "django-classy-tags": {
            "hashes": [
                "sha256:25eb4f95afee396148683bfb4811b83b3f5729218d73ad0a3399271a6f9fcc49",
                "sha256:d59d98bdf96a764dcf7a2929a86439d023b283a9152492811c7e44fc47555bc9"
            ],
            "version": "==2.0.0"
        },
        "django-constance": {
            "hashes": [
                "sha256:62bdb1a3aef20d80e18d832b30ffcc6626762c538817a5a3571bcefa5a55c849",
                "sha256:866a7356d3f8ee08374285e97c1edae70edaa3df6eaf7b2e9699f7cde8a88f3b"
            ],
            "index": "pypi",
            "version": "==2.7.0"
        },
        "django-decorator-include": {
            "hashes": [
                "sha256:18db98e0e48dbb3977ab79b5520dbf5ecbb35f0bced8e15ed62dc66762345856",
                "sha256:fe7a96afb23f66dcbc6227d3c48430e53cc5704eab30841ddb8bd940e5ea8a5a"
            ],
            "index": "pypi",
            "version": "==3.0"
        },
        "django-dynamic-preferences": {
            "hashes": [
                "sha256:9419fa925fd2cbb665269ae72059eb3058bf080913d853419b827e4e7a141902",
                "sha256:e4b2bb7b2563c5064ba56dd76441c77e06b850ff1466a386a1cd308909a6c7de"
            ],
            "index": "pypi",
            "version": "==1.10.1"
        },
        "django-filter": {
            "hashes": [
                "sha256:11e63dd759835d9ba7a763926ffb2662cf8a6dcb4c7971a95064de34dbc7e5af",
                "sha256:616848eab6fc50193a1b3730140c49b60c57a3eda1f7fc57fa8505ac156c6c75"
            ],
            "index": "pypi",
            "version": "==2.3.0"
        },
        "django-js-asset": {
            "hashes": [
                "sha256:8ec12017f26eec524cab436c64ae73033368a372970af4cf42d9354fcb166bdd",
                "sha256:c163ae80d2e0b22d8fb598047cd0dcef31f81830e127cfecae278ad574167260"
            ],
            "version": "==1.2.2"
        },
        "django-mptt": {
            "hashes": [
                "sha256:90eb236eb4f1a92124bd7c37852bbe09c0d21158477cc237556d59842a91c509",
                "sha256:dfdb3af75ad27cdd4458b0544ec8574174f2b90f99bc2cafab6a15b4bc1895a8"
            ],
            "version": "==0.11.0"
        },
        "django-nyt": {
            "hashes": [
                "sha256:a696a52a0b729465c062b4808d2ad8c43b439561b2f9654328040c646abb3732",
                "sha256:b16bffcfcb468f7b5c70f61de79294a88b7df63859675721d3417507e3440d15"
            ],
            "version": "==1.1.5"
        },
        "django-picklefield": {
            "hashes": [
                "sha256:15ccba592ca953b9edf9532e64640329cd47b136b7f8f10f2939caa5f9ce4287",
                "sha256:3c702a54fde2d322fe5b2f39b8f78d9f655b8f77944ab26f703be6c0ed335a35"
            ],
            "index": "pypi",
            "version": "==3.0.1"
        },
        "django-polymorphic": {
            "hashes": [
                "sha256:73b75eb44ea302bd32820f8661e469509d245ce7f7ff09cd2ad149e5c42034ff",
                "sha256:9d886f19f031d26bb1391c055ed9be06fb226a04a4cec1842b372c58873b3caa"
            ],
            "index": "pypi",
            "version": "==3.0.0"
        },
        "django-sekizai": {
            "hashes": [
                "sha256:5c5e16845d37ce822fc655ce79ec02715191b3d03330b550997bcb842cf24fdf",
                "sha256:e829f09b0d6bf01ee5cde05de1fb3faf2fbc5df66dc4dc280fbaac224ca4336f"
            ],
            "version": "==2.0.0"
        },
        "flower": {
            "hashes": [
                "sha256:25782840f7ffc25dcf478d94535a2d815448de4aa6c71426be6abfa9ca417448",
                "sha256:616428951bd28c0463ce225331b22be1914f2240dec37ca7fabdb089ba46acec"
            ],
            "index": "pypi",
            "version": "==0.9.4"
        },
        "html2text": {
            "hashes": [
                "sha256:c7c629882da0cf377d66f073329ccf34a12ed2adf0169b9285ae4e63ef54c82b",
                "sha256:e296318e16b059ddb97f7a8a1d6a5c1d7af4544049a01e261731d2d5cc277bbb"
            ],
            "index": "pypi",
            "version": "==2020.1.16"
        },
        "humanize": {
            "hashes": [
                "sha256:a43f57115831ac7c70de098e6ac46ac13be00d69abbf60bdcac251344785bb19"
            ],
            "version": "==0.5.1"
        },
        "idna": {
            "hashes": [
                "sha256:b307872f855b18632ce0c21c5e45be78c0ea7ae4c15c828c20788b26921eb3f6",
                "sha256:b97d804b1e9b523befed77c48dacec60e6dcb0b5391d57af6a65a312a90648c0"
            ],
            "version": "==2.10"
        },
        "importlib-metadata": {
            "hashes": [
                "sha256:77a540690e24b0305878c37ffd421785a6f7e53c8b5720d211b211de8d0e95da",
                "sha256:cefa1a2f919b866c5beb7c9f7b0ebb4061f30a8a9bf16d609b000e2dfaceb9c3"
            ],
            "markers": "python_version < '3.8'",
            "version": "==2.0.0"
        },
        "jmespath": {
            "hashes": [
                "sha256:b85d0567b8666149a93172712e68920734333c0ce7e89b78b3e987f71e5ed4f9",
                "sha256:cdf6525904cc597730141d61b36f2e4b8ecc257c420fa2f4549bac2c2d0cb72f"
            ],
            "version": "==0.10.0"
        },
        "kombu": {
            "hashes": [
                "sha256:be48cdffb54a2194d93ad6533d73f69408486483d189fe9f5990ee24255b0e0a",
                "sha256:ca1b45faac8c0b18493d02a8571792f3c40291cf2bcf1f55afed3d8f3aa7ba74"
            ],
            "version": "==4.6.11"
        },
        "markdown": {
            "hashes": [
                "sha256:1fafe3f1ecabfb514a5285fca634a53c1b32a81cb0feb154264d55bf2ff22c17",
                "sha256:c467cd6233885534bf0fe96e62e3cf46cfc1605112356c4f9981512b8174de59"
            ],
            "version": "==3.2.2"
        },
        "mistune": {
            "hashes": [
                "sha256:59a3429db53c50b5c6bcc8a07f8848cb00d7dc8bdb431a4ab41920d201d4756e",
                "sha256:88a1051873018da288eee8538d476dffe1262495144b33ecb586c4ab266bb8d4"
            ],
            "index": "pypi",
            "version": "==0.8.4"
        },
        "packaging": {
            "hashes": [
                "sha256:4357f74f47b9c12db93624a82154e9b120fa8293699949152b22065d556079f8",
                "sha256:998416ba6962ae7fbd6596850b80e17859a5753ba17c32284f67bfff33784181"
            ],
            "version": "==20.4"
        },
        "paramiko": {
            "hashes": [
                "sha256:4f3e316fef2ac628b05097a637af35685183111d4bc1b5979bd397c2ab7b5898",
                "sha256:7f36f4ba2c0d81d219f4595e35f70d56cc94f9ac40a6acdf51d6ca210ce65035"
            ],
            "version": "==2.7.2"
        },
        "persisting-theory": {
            "hashes": [
                "sha256:00ff7dcc8f481ff75c770ca5797d968e8725b6df1f77fe0cf7d20fa1e5790c0a"
            ],
            "version": "==0.2.1"
        },
        "pillow": {
            "hashes": [
                "sha256:006de60d7580d81f4a1a7e9f0173dc90a932e3905cc4d47ea909bc946302311a",
                "sha256:0a2e8d03787ec7ad71dc18aec9367c946ef8ef50e1e78c71f743bc3a770f9fae",
                "sha256:0eeeae397e5a79dc088d8297a4c2c6f901f8fb30db47795113a4a605d0f1e5ce",
                "sha256:11c5c6e9b02c9dac08af04f093eb5a2f84857df70a7d4a6a6ad461aca803fb9e",
                "sha256:2fb113757a369a6cdb189f8df3226e995acfed0a8919a72416626af1a0a71140",
                "sha256:4b0ef2470c4979e345e4e0cc1bbac65fda11d0d7b789dbac035e4c6ce3f98adb",
                "sha256:59e903ca800c8cfd1ebe482349ec7c35687b95e98cefae213e271c8c7fffa021",
                "sha256:5abd653a23c35d980b332bc0431d39663b1709d64142e3652890df4c9b6970f6",
                "sha256:5f9403af9c790cc18411ea398a6950ee2def2a830ad0cfe6dc9122e6d528b302",
                "sha256:6b4a8fd632b4ebee28282a9fef4c341835a1aa8671e2770b6f89adc8e8c2703c",
                "sha256:6c1aca8231625115104a06e4389fcd9ec88f0c9befbabd80dc206c35561be271",
                "sha256:795e91a60f291e75de2e20e6bdd67770f793c8605b553cb6e4387ce0cb302e09",
                "sha256:7ba0ba61252ab23052e642abdb17fd08fdcfdbbf3b74c969a30c58ac1ade7cd3",
                "sha256:7c9401e68730d6c4245b8e361d3d13e1035cbc94db86b49dc7da8bec235d0015",
                "sha256:81f812d8f5e8a09b246515fac141e9d10113229bc33ea073fec11403b016bcf3",
                "sha256:895d54c0ddc78a478c80f9c438579ac15f3e27bf442c2a9aa74d41d0e4d12544",
                "sha256:8de332053707c80963b589b22f8e0229f1be1f3ca862a932c1bcd48dafb18dd8",
                "sha256:92c882b70a40c79de9f5294dc99390671e07fc0b0113d472cbea3fde15db1792",
                "sha256:95edb1ed513e68bddc2aee3de66ceaf743590bf16c023fb9977adc4be15bd3f0",
                "sha256:b63d4ff734263ae4ce6593798bcfee6dbfb00523c82753a3a03cbc05555a9cc3",
                "sha256:bd7bf289e05470b1bc74889d1466d9ad4a56d201f24397557b6f65c24a6844b8",
                "sha256:cc3ea6b23954da84dbee8025c616040d9aa5eaf34ea6895a0a762ee9d3e12e11",
                "sha256:cc9ec588c6ef3a1325fa032ec14d97b7309db493782ea8c304666fb10c3bd9a7",
                "sha256:d3d07c86d4efa1facdf32aa878bd508c0dc4f87c48125cc16b937baa4e5b5e11",
                "sha256:d8a96747df78cda35980905bf26e72960cba6d355ace4780d4bdde3b217cdf1e",
                "sha256:e38d58d9138ef972fceb7aeec4be02e3f01d383723965bfcef14d174c8ccd039",
                "sha256:eb472586374dc66b31e36e14720747595c2b265ae962987261f044e5cce644b5",
                "sha256:fbd922f702582cb0d71ef94442bfca57624352622d75e3be7a1e7e9360b07e72"
            ],
            "version": "==8.0.1"
        },
        "psycopg2": {
            "hashes": [
                "sha256:00195b5f6832dbf2876b8bf77f12bdce648224c89c880719c745b90515233301",
                "sha256:068115e13c70dc5982dfc00c5d70437fe37c014c808acce119b5448361c03725",
                "sha256:26e7fd115a6db75267b325de0fba089b911a4a12ebd3d0b5e7acb7028bc46821",
                "sha256:56007a226b8e95aa980ada7abdea6b40b75ce62a433bd27cec7a8178d57f4051",
                "sha256:56fee7f818d032f802b8eed81ef0c1232b8b42390df189cab9cfa87573fe52c5",
                "sha256:6a3d9efb6f36f1fe6aa8dbb5af55e067db802502c55a9defa47c5a1dad41df84",
                "sha256:a49833abfdede8985ba3f3ec641f771cca215479f41523e99dace96d5b8cce2a",
                "sha256:ad2fe8a37be669082e61fb001c185ffb58867fdbb3e7a6b0b0d2ffe232353a3e",
                "sha256:b8cae8b2f022efa1f011cc753adb9cbadfa5a184431d09b273fb49b4167561ad",
                "sha256:d160744652e81c80627a909a0e808f3c6653a40af435744de037e3172cf277f5",
                "sha256:f22ea9b67aea4f4a1718300908a2fb62b3e4276cf00bd829a97ab5894af42ea3",
                "sha256:f974c96fca34ae9e4f49839ba6b78addf0346777b46c4da27a7bf54f48d3057d",
                "sha256:fb23f6c71107c37fd667cb4ea363ddeb936b348bbd6449278eb92c189699f543"
            ],
            "index": "pypi",
            "version": "==2.8.6"
        },
        "pycparser": {
            "hashes": [
                "sha256:2d475327684562c3a96cc71adf7dc8c4f0565175cf86b6d7a404ff4c771f15f0",
                "sha256:7582ad22678f0fcd81102833f60ef8d0e57288b6b5fb00323d101be910e35705"
            ],
            "version": "==2.20"
        },
        "pymysql": {
            "hashes": [
                "sha256:263040d2779a3b84930f7ac9da5132be0fefcd6f453a885756656103f8ee1fdd",
                "sha256:44f47128dda8676e021c8d2dbb49a82be9e4ab158b9f03e897152a3a287c69ea"
            ],
            "index": "pypi",
            "version": "==0.10.1"
        },
        "pynacl": {
            "hashes": [
                "sha256:06cbb4d9b2c4bd3c8dc0d267416aaed79906e7b33f114ddbf0911969794b1cc4",
                "sha256:11335f09060af52c97137d4ac54285bcb7df0cef29014a1a4efe64ac065434c4",
                "sha256:2fe0fc5a2480361dcaf4e6e7cea00e078fcda07ba45f811b167e3f99e8cff574",
                "sha256:30f9b96db44e09b3304f9ea95079b1b7316b2b4f3744fe3aaecccd95d547063d",
                "sha256:4e10569f8cbed81cb7526ae137049759d2a8d57726d52c1a000a3ce366779634",
                "sha256:511d269ee845037b95c9781aa702f90ccc36036f95d0f31373a6a79bd8242e25",
                "sha256:537a7ccbea22905a0ab36ea58577b39d1fa9b1884869d173b5cf111f006f689f",
                "sha256:54e9a2c849c742006516ad56a88f5c74bf2ce92c9f67435187c3c5953b346505",
                "sha256:757250ddb3bff1eecd7e41e65f7f833a8405fede0194319f87899690624f2122",
                "sha256:7757ae33dae81c300487591c68790dfb5145c7d03324000433d9a2c141f82af7",
                "sha256:7c6092102219f59ff29788860ccb021e80fffd953920c4a8653889c029b2d420",
                "sha256:8122ba5f2a2169ca5da936b2e5a511740ffb73979381b4229d9188f6dcb22f1f",
                "sha256:9c4a7ea4fb81536c1b1f5cc44d54a296f96ae78c1ebd2311bd0b60be45a48d96",
                "sha256:c914f78da4953b33d4685e3cdc7ce63401247a21425c16a39760e282075ac4a6",
                "sha256:cd401ccbc2a249a47a3a1724c2918fcd04be1f7b54eb2a5a71ff915db0ac51c6",
                "sha256:d452a6746f0a7e11121e64625109bc4468fc3100452817001dbe018bb8b08514",
                "sha256:ea6841bc3a76fa4942ce00f3bda7d436fda21e2d91602b9e21b7ca9ecab8f3ff",
                "sha256:f8851ab9041756003119368c1e6cd0b9c631f46d686b3904b18c0139f4419f80"
            ],
            "version": "==1.4.0"
        },
        "pyparsing": {
            "hashes": [
                "sha256:c203ec8783bf771a155b207279b9bccb8dea02d8f0c9e5f8ead507bc3246ecc1",
                "sha256:ef9d7589ef3c200abe66653d3f1ab1033c3c419ae9b9bdb1240a85b024efc88b"
            ],
            "version": "==2.4.7"
        },
        "python-dateutil": {
            "hashes": [
                "sha256:73ebfe9dbf22e832286dafa60473e4cd239f8592f699aa5adaf10050e6e1823c",
                "sha256:75bb3f31ea686f1197762692a9ee6a7550b59fc6ca3a1f4b5d7e32fb98e2da2a"
            ],
            "version": "==2.8.1"
        },
        "python-slugify": {
            "hashes": [
                "sha256:69a517766e00c1268e5bbfc0d010a0a8508de0b18d30ad5a1ff357f8ae724270"
            ],
            "index": "pypi",
            "version": "==4.0.1"
        },
        "pytz": {
            "hashes": [
                "sha256:a494d53b6d39c3c6e44c3bec237336e14305e4f29bbf800b599253057fbb79ed",
                "sha256:c35965d010ce31b23eeb663ed3cc8c906275d6be1a34393a1d73a41febf4a048"
            ],
            "version": "==2020.1"
        },
        "redis": {
            "hashes": [
                "sha256:0e7e0cfca8660dea8b7d5cd8c4f6c5e29e11f31158c0b0ae91a397f00e5a05a2",
                "sha256:432b788c4530cfe16d8d943a09d40ca6c16149727e4afe8c2c9d5580c59d9f24"
            ],
            "version": "==3.5.3"
        },
        "requests": {
            "hashes": [
                "sha256:b3559a131db72c33ee969480840fff4bb6dd111de7dd27c8ee1f820f4f00231b",
                "sha256:fe75cc94a9443b9246fc7049224f75604b113c36acb93f87b80ed42c44cbb898"
            ],
            "index": "pypi",
            "version": "==2.24.0"
        },
        "s3transfer": {
            "hashes": [
                "sha256:2482b4259524933a022d59da830f51bd746db62f047d6eb213f2f8855dcb8a13",
                "sha256:921a37e2aefc64145e7b73d50c71bb4f26f46e4c9f414dc648c6245ff92cf7db"
            ],
            "version": "==0.3.3"
        },
        "six": {
            "hashes": [
                "sha256:30639c035cdb23534cd4aa2dd52c3bf48f06e5f4a941509c8bafd8ce11080259",
                "sha256:8b74bedcbbbaca38ff6d7491d76f2b06b3592611af620f8426e82dddb04a5ced"
            ],
            "version": "==1.15.0"
        },
        "sorl-thumbnail": {
            "hashes": [
                "sha256:66771521f3c0ed771e1ce8e1aaf1639ebff18f7f5a40cfd3083da8f0fe6c7c99",
                "sha256:7162639057dff222a651bacbdb6bd6f558fc32946531d541fc71e10c0167ebdf"
            ],
            "version": "==12.6.3"
        },
        "sqlparse": {
            "hashes": [
                "sha256:017cde379adbd6a1f15a61873f43e8274179378e95ef3fede90b5aa64d304ed0",
                "sha256:0f91fd2e829c44362cbcfab3e9ae12e22badaa8a29ad5ff599f9ec109f0454e8"
            ],
            "version": "==0.4.1"
        },
        "sshtunnel": {
            "hashes": [
                "sha256:5eee2e414c3fd9e9ef5d058bebece272a6aae928849ef7f2d9561b7fffab7aea",
                "sha256:c813fdcda8e81c3936ffeac47cb69cfb2d1f5e77ad0de656c6dab56aeebd9249"
            ],
            "index": "pypi",
            "version": "==0.1.5"
        },
        "text-unidecode": {
            "hashes": [
                "sha256:1311f10e8b895935241623731c2ba64f4c455287888b18189350b67134a822e8",
                "sha256:bad6603bb14d279193107714b288be206cac565dfa49aa5b105294dd5c4aab93"
            ],
            "version": "==1.3"
        },
        "tornado": {
            "hashes": [
                "sha256:0fe2d45ba43b00a41cd73f8be321a44936dc1aba233dee979f17a042b83eb6dc",
                "sha256:22aed82c2ea340c3771e3babc5ef220272f6fd06b5108a53b4976d0d722bcd52",
                "sha256:2c027eb2a393d964b22b5c154d1a23a5f8727db6fda837118a776b29e2b8ebc6",
                "sha256:5217e601700f24e966ddab689f90b7ea4bd91ff3357c3600fa1045e26d68e55d",
                "sha256:5618f72e947533832cbc3dec54e1dffc1747a5cb17d1fd91577ed14fa0dc081b",
                "sha256:5f6a07e62e799be5d2330e68d808c8ac41d4a259b9cea61da4101b83cb5dc673",
                "sha256:c58d56003daf1b616336781b26d184023ea4af13ae143d9dda65e31e534940b9",
                "sha256:c952975c8ba74f546ae6de2e226ab3cc3cc11ae47baf607459a6728585bb542a",
                "sha256:c98232a3ac391f5faea6821b53db8db461157baa788f5d6222a193e9456e1740"
            ],
            "markers": "python_version >= '3.5.2'",
            "version": "==6.0.4"
        },
        "urllib3": {
            "hashes": [
                "sha256:8d7eaa5a82a1cac232164990f04874c594c9453ec55eef02eab885aa02fc17a2",
                "sha256:f5321fbe4bf3fefa0efd0bfe7fb14e90909eb62a48ccda331726b4319897dd5e"
            ],
            "markers": "python_version != '3.4'",
            "version": "==1.25.11"
        },
        "uwsgi": {
            "hashes": [
                "sha256:faa85e053c0b1be4d5585b0858d3a511d2cd10201802e8676060fd0a109e5869"
            ],
            "index": "pypi",
            "version": "==2.0.19.1"
        },
        "vine": {
            "hashes": [
                "sha256:133ee6d7a9016f177ddeaf191c1f58421a1dcc6ee9a42c58b34bed40e1d2cd87",
                "sha256:ea4947cc56d1fd6f2095c8d543ee25dad966f78692528e68b4fada11ba3f98af"
            ],
            "version": "==1.3.0"
        },
        "webencodings": {
            "hashes": [
                "sha256:a0af1213f3c2226497a97e2b3aa01a7e4bee4f403f95be16fc9acd2947514a78",
                "sha256:b36a1c245f2d304965eb4e0a82848379241dc04b865afcc4aab16748587e1923"
            ],
            "version": "==0.5.1"
        },
        "wiki": {
            "hashes": [
                "sha256:aad8b8ef6f669a6f11453ea2f35722065cf6281cc558e789c49cb2800ba0b6e5",
                "sha256:eac841fba33d317b0ce038023f14db427735c279642a22ffdce98e2575e20086"
            ],
            "index": "pypi",
            "version": "==0.6"
        },
        "zipp": {
            "hashes": [
                "sha256:102c24ef8f171fd729d46599845e95c7ab894a4cf45f5de11a44cc7444fb1108",
                "sha256:ed5eee1974372595f9e416cc7bbeeb12335201d8081ca8a0743c954d4446e5cb"
            ],
            "version": "==3.4.0"
        }
    },
    "develop": {
        "asgiref": {
            "hashes": [
                "sha256:7e51911ee147dd685c3c8b805c0ad0cb58d360987b56953878f8c06d2d1c6f1a",
                "sha256:9fc6fb5d39b8af147ba40765234fa822b39818b12cc80b35ad9b0cef3a476aed"
            ],
            "version": "==3.2.10"
        },
        "attrs": {
            "hashes": [
                "sha256:26b54ddbbb9ee1d34d5d3668dd37d6cf74990ab23c828c2888dccdceee395594",
                "sha256:fce7fc47dfc976152e82d53ff92fa0407700c21acd20886a13777a0d20e655dc"
            ],
            "version": "==20.2.0"
        },
        "backcall": {
            "hashes": [
                "sha256:5cbdbf27be5e7cfadb448baf0aa95508f91f2bbc6c6437cd9cd06e2a4c215e1e",
                "sha256:fbbce6a29f263178a1f7915c1940bde0ec2b2a967566fe1c65c1dfb7422bd255"
            ],
            "version": "==0.2.0"
        },
        "decorator": {
            "hashes": [
                "sha256:41fa54c2a0cc4ba648be4fd43cff00aedf5b9465c9bf18d64325bc225f08f760",
                "sha256:e3a62f0520172440ca0dcc823749319382e377f37f140a0b99ef45fecb84bfe7"
            ],
            "version": "==4.4.2"
        },
        "django": {
            "hashes": [
                "sha256:7c3543e4fb070d14e10926189a7fcf42ba919263b7473dceaefce34d54e8a119",
                "sha256:a2814bffd1f007805b19194eb0b9a331933b82bd5da1c3ba3d7b7ba16e06dc4b"
            ],
            "index": "pypi",
            "version": "==2.2"
        },
        "django-debug-toolbar": {
            "hashes": [
                "sha256:eabbefe89881bbe4ca7c980ff102e3c35c8e8ad6eb725041f538988f2f39a943",
                "sha256:ff94725e7aae74b133d0599b9bf89bd4eb8f5d2c964106e61d11750228c8774c"
            ],
            "index": "pypi",
            "version": "==2.2"
        },
        "django-dynamic-fixture": {
            "hashes": [
                "sha256:e772102ba40f70c2e66470cae85f3874aa992e6b22a0d0c360450f2949b0728d"
            ],
            "index": "pypi",
            "version": "==3.1.0"
        },
        "django-mail-viewer": {
            "hashes": [
                "sha256:294f3c4d71c7dcab9a2f84ee7335cdf8b3cc858ca973b492d70d734c0c8de50c",
                "sha256:8f07f8fe5df11832cd978a04c4184f28b9bb9c683c6477a45347923519e89c08"
            ],
            "index": "pypi",
            "version": "==1.0.0"
        },
        "faker": {
            "hashes": [
                "sha256:075a95ac4c95765370919d787dcd958acfaea635005ad5af4d926cb0973800db",
                "sha256:80bab8d46035a7393de827210c5d39c17109d3346d131946bde622137120c496"
            ],
            "index": "pypi",
            "version": "==4.1.3"
        },
        "importlib-metadata": {
            "hashes": [
                "sha256:77a540690e24b0305878c37ffd421785a6f7e53c8b5720d211b211de8d0e95da",
                "sha256:cefa1a2f919b866c5beb7c9f7b0ebb4061f30a8a9bf16d609b000e2dfaceb9c3"
            ],
            "markers": "python_version < '3.8'",
            "version": "==2.0.0"
        },
        "iniconfig": {
            "hashes": [
                "sha256:011e24c64b7f47f6ebd835bb12a743f2fbe9a26d4cecaa7f53bc4f35ee9da8b3",
                "sha256:bc3af051d7d14b2ee5ef9969666def0cd1a000e121eaea580d4a313df4b37f32"
            ],
            "version": "==1.1.1"
        },
        "ipdb": {
            "hashes": [
                "sha256:d6f46d261c45a65e65a2f7ec69288a1c511e16206edb2875e7ec6b2f66997e78"
            ],
            "index": "pypi",
            "version": "==0.13.3"
        },
        "ipython": {
            "hashes": [
                "sha256:2e22c1f74477b5106a6fb301c342ab8c64bb75d702e350f05a649e8cb40a0fb8",
                "sha256:a331e78086001931de9424940699691ad49dfb457cea31f5471eae7b78222d5e"
            ],
            "version": "==7.18.1"
        },
        "ipython-genutils": {
            "hashes": [
                "sha256:72dd37233799e619666c9f639a9da83c34013a73e8bbc79a7a6348d93c61fab8",
                "sha256:eb2e116e75ecef9d4d228fdc66af54269afa26ab4463042e33785b887c628ba8"
            ],
            "version": "==0.2.0"
        },
        "jedi": {
            "hashes": [
                "sha256:86ed7d9b750603e4ba582ea8edc678657fb4007894a12bcf6f4bb97892f31d20",
                "sha256:98cc583fa0f2f8304968199b01b6b4b94f469a1f4a74c1560506ca2a211378b5"
            ],
            "version": "==0.17.2"
        },
        "more-itertools": {
            "hashes": [
                "sha256:6f83822ae94818eae2612063a5101a7311e68ae8002005b5e05f03fd74a86a20",
                "sha256:9b30f12df9393f0d28af9210ff8efe48d10c94f73e5daf886f10c4b0b0b4f03c"
            ],
            "version": "==8.5.0"
        },
        "packaging": {
            "hashes": [
                "sha256:4357f74f47b9c12db93624a82154e9b120fa8293699949152b22065d556079f8",
                "sha256:998416ba6962ae7fbd6596850b80e17859a5753ba17c32284f67bfff33784181"
            ],
            "version": "==20.4"
        },
        "parso": {
            "hashes": [
                "sha256:97218d9159b2520ff45eb78028ba8b50d2bc61dcc062a9682666f2dc4bd331ea",
                "sha256:caba44724b994a8a5e086460bb212abc5a8bc46951bf4a9a1210745953622eb9"
            ],
            "version": "==0.7.1"
        },
        "pexpect": {
            "hashes": [
                "sha256:0b48a55dcb3c05f3329815901ea4fc1537514d6ba867a152b581d69ae3710937",
                "sha256:fc65a43959d153d0114afe13997d439c22823a27cefceb5ff35c2178c6784c0c"
            ],
            "markers": "sys_platform != 'win32'",
            "version": "==4.8.0"
        },
        "pickleshare": {
            "hashes": [
                "sha256:87683d47965c1da65cdacaf31c8441d12b8044cdec9aca500cd78fc2c683afca",
                "sha256:9649af414d74d4df115d5d718f82acb59c9d418196b7b4290ed47a12ce62df56"
            ],
            "version": "==0.7.5"
        },
        "pluggy": {
            "hashes": [
                "sha256:15b2acde666561e1298d71b523007ed7364de07029219b604cf808bfa1c765b0",
                "sha256:966c145cd83c96502c3c3868f50408687b38434af77734af1e9ca461a4081d2d"
            ],
            "version": "==0.13.1"
        },
        "prompt-toolkit": {
            "hashes": [
                "sha256:25c95d2ac813909f813c93fde734b6e44406d1477a9faef7c915ff37d39c0a8c",
                "sha256:7debb9a521e0b1ee7d2fe96ee4bd60ef03c6492784de0547337ca4433e46aa63"
            ],
            "version": "==3.0.8"
        },
        "ptyprocess": {
            "hashes": [
                "sha256:923f299cc5ad920c68f2bc0bc98b75b9f838b93b599941a6b63ddbc2476394c0",
                "sha256:d7cc528d76e76342423ca640335bd3633420dc1366f258cb31d05e865ef5ca1f"
            ],
            "version": "==0.6.0"
        },
        "py": {
            "hashes": [
                "sha256:366389d1db726cd2fcfc79732e75410e5fe4d31db13692115529d34069a043c2",
                "sha256:9ca6883ce56b4e8da7e79ac18787889fa5206c79dcc67fb065376cd2fe03f342"
            ],
            "version": "==1.9.0"
        },
        "pygments": {
            "hashes": [
                "sha256:381985fcc551eb9d37c52088a32914e00517e57f4a21609f48141ba08e193fa0",
                "sha256:88a0bbcd659fcb9573703957c6b9cff9fab7295e6e76db54c9d00ae42df32773"
            ],
            "version": "==2.7.2"
        },
        "pyparsing": {
            "hashes": [
                "sha256:c203ec8783bf771a155b207279b9bccb8dea02d8f0c9e5f8ead507bc3246ecc1",
                "sha256:ef9d7589ef3c200abe66653d3f1ab1033c3c419ae9b9bdb1240a85b024efc88b"
            ],
            "version": "==2.4.7"
        },
        "pytest": {
            "hashes": [
                "sha256:0e37f61339c4578776e090c3b8f6b16ce4db333889d65d0efb305243ec544b40",
                "sha256:c8f57c2a30983f469bf03e68cdfa74dc474ce56b8f280ddcb080dfd91df01043"
            ],
            "index": "pypi",
            "version": "==6.0.2"
        },
        "pytest-django": {
            "hashes": [
                "sha256:4de6dbd077ed8606616958f77655fed0d5e3ee45159475671c7fa67596c6dba6",
                "sha256:c33e3d3da14d8409b125d825d4e74da17bb252191bf6fc3da6856e27a8b73ea4"
            ],
            "index": "pypi",
            "version": "==3.10.0"
        },
        "python-dateutil": {
            "hashes": [
                "sha256:73ebfe9dbf22e832286dafa60473e4cd239f8592f699aa5adaf10050e6e1823c",
                "sha256:75bb3f31ea686f1197762692a9ee6a7550b59fc6ca3a1f4b5d7e32fb98e2da2a"
            ],
            "version": "==2.8.1"
        },
        "pytz": {
            "hashes": [
                "sha256:a494d53b6d39c3c6e44c3bec237336e14305e4f29bbf800b599253057fbb79ed",
                "sha256:c35965d010ce31b23eeb663ed3cc8c906275d6be1a34393a1d73a41febf4a048"
            ],
            "version": "==2020.1"
        },
        "six": {
            "hashes": [
                "sha256:30639c035cdb23534cd4aa2dd52c3bf48f06e5f4a941509c8bafd8ce11080259",
                "sha256:8b74bedcbbbaca38ff6d7491d76f2b06b3592611af620f8426e82dddb04a5ced"
            ],
            "version": "==1.15.0"
        },
        "sqlparse": {
            "hashes": [
                "sha256:017cde379adbd6a1f15a61873f43e8274179378e95ef3fede90b5aa64d304ed0",
                "sha256:0f91fd2e829c44362cbcfab3e9ae12e22badaa8a29ad5ff599f9ec109f0454e8"
            ],
            "version": "==0.4.1"
        },
        "text-unidecode": {
            "hashes": [
                "sha256:1311f10e8b895935241623731c2ba64f4c455287888b18189350b67134a822e8",
                "sha256:bad6603bb14d279193107714b288be206cac565dfa49aa5b105294dd5c4aab93"
            ],
            "version": "==1.3"
        },
        "toml": {
            "hashes": [
                "sha256:926b612be1e5ce0634a2ca03470f95169cf16f939018233a670519cb4ac58b0f",
                "sha256:bda89d5935c2eac546d648028b9901107a595863cb36bae0c73ac804a9b4ce88"
            ],
            "version": "==0.10.1"
        },
        "traitlets": {
            "hashes": [
                "sha256:178f4ce988f69189f7e523337a3e11d91c786ded9360174a3d9ca83e79bc5396",
                "sha256:69ff3f9d5351f31a7ad80443c2674b7099df13cc41fc5fa6e2f6d3b0330b0426"
            ],
            "version": "==5.0.5"
        },
        "wcwidth": {
            "hashes": [
                "sha256:beb4802a9cebb9144e99086eff703a642a13d6a0052920003a230f3294bbe784",
                "sha256:c4d647b99872929fdb7bdcaa4fbe7f01413ed3d98077df798530e5b04f116c83"
            ],
            "version": "==0.2.5"
        },
        "zipp": {
            "hashes": [
                "sha256:102c24ef8f171fd729d46599845e95c7ab894a4cf45f5de11a44cc7444fb1108",
                "sha256:ed5eee1974372595f9e416cc7bbeeb12335201d8081ca8a0743c954d4446e5cb"
            ],
            "version": "==3.4.0"
        }
    }
}
